{
    "_readme": [
        "This file locks the dependencies of your project to a known state",
        "Read more about it at https://getcomposer.org/doc/01-basic-usage.md#installing-dependencies",
        "This file is @generated automatically"
    ],
    "content-hash": "86d0610e1f3946833b4795cc8260644e",
    "packages": [
        {
            "name": "mayron1806/express_php",
            "version": "v1.0.0",
            "source": {
                "type": "git",
                "url": "https://github.com/mayron1806/Express_PHP.git",
                "reference": "383cdf4bae79f817407a7f8705325496848bc86b"
            },
            "dist": {
                "type": "zip",
                "url": "https://api.github.com/repos/mayron1806/Express_PHP/zipball/383cdf4bae79f817407a7f8705325496848bc86b",
                "reference": "383cdf4bae79f817407a7f8705325496848bc86b",
                "shasum": ""
            },
            "require": {
                "php": ">=8.0"
            },
            "type": "library",
            "autoload": {
                "psr-4": {
                    "ExpressPHP\\": "ExpressPHP/"
                }
            },
            "notification-url": "https://packagist.org/downloads/",
            "license": [
                "MIT"
            ],
            "authors": [
                {
                    "name": "Mayron Gonçalves Fernandes",
                    "email": "mayronfernandes01@gmail.com"
                }
            ],
            "description": "Um gerenciador de rotas para PHP baseado na sintaxe do Express (Node.js)",
            "support": {
                "issues": "https://github.com/mayron1806/Express_PHP/issues",
                "source": "https://github.com/mayron1806/Express_PHP/tree/v1.0.0"
            },
            "time": "2022-01-07T22:15:27+00:00"
        }
    ],
    "packages-dev": [],
    "aliases": [],
    "minimum-stability": "stable",
    "stability-flags": [],
    "prefer-stable": false,
    "prefer-lowest": false,
    "platform": [],
    "platform-dev": [],
    "plugin-api-version": "2.2.0"
}
